
Microsoft Visual Studio Solution File, Format Version 12.00
# Visual Studio 15
VisualStudioVersion = 15.0.27428.2043
MinimumVisualStudioVersion = 10.0.40219.1
Project("{FAE04EC0-301F-11D3-BF4B-00C04F79EFBC}") = "Strategy", "Strategy\Strategy.csproj", "{E22D88E0-6396-4B17-8012-5313ADDE983C}"
EndProject
Project("{FAE04EC0-301F-11D3-BF4B-00C04F79EFBC}") = "Prototype", "Prototype\Prototype.csproj", "{587B6931-A6DB-4F56-9C1F-789BE82F6F05}"
EndProject
Project("{FAE04EC0-301F-11D3-BF4B-00C04F79EFBC}") = "Observer", "Observer\Observer.csproj", "{C08FF0C2-5697-4907-93C4-5685A4D903A2}"
EndProject
Project("{FAE04EC0-301F-11D3-BF4B-00C04F79EFBC}") = "Visitor", "VIsitor\Visitor.csproj", "{4449CB11-19CA-424B-B415-54A770A0AC17}"
EndProject
Project("{FAE04EC0-301F-11D3-BF4B-00C04F79EFBC}") = "Mediator", "Mediator\Mediator.csproj", "{E4937F68-E34A-4D03-B2AA-25FA608578BB}"
EndProject
Project("{FAE04EC0-301F-11D3-BF4B-00C04F79EFBC}") = "Proxy", "Proxy\Proxy.csproj", "{723CC31C-0A8B-427E-B8D4-8E832FA7D80F}"
EndProject
Project("{FAE04EC0-301F-11D3-BF4B-00C04F79EFBC}") = "Bridge", "Bridge\Bridge.csproj", "{3DDF2018-AAE5-4AEB-83C8-5E44DC4DB3EE}"
EndProject
Project("{FAE04EC0-301F-11D3-BF4B-00C04F79EFBC}") = "Composite", "Composite\Composite.csproj", "{91C46CDB-A668-4702-8273-8E386C5BBBB2}"
EndProject
Project("{FAE04EC0-301F-11D3-BF4B-00C04F79EFBC}") = "Singleton", "Singleton\Singleton.csproj", "{04A568D2-112B-40E5-ADDD-562738B8A8F9}"
EndProject
Project("{FAE04EC0-301F-11D3-BF4B-00C04F79EFBC}") = "FactoryMethod", "FactoryMethod\FactoryMethod.csproj", "{9081A944-A34F-4637-B403-6762DE9CC77A}"
EndProject
Project("{9A19103F-16F7-4668-BE54-9A1E7A4F7556}") = "Builder", "Builder\Builder.csproj", "{496C42B8-F68D-4674-80F0-1F0F7E2622EC}"
EndProject
Project("{FAE04EC0-301F-11D3-BF4B-00C04F79EFBC}") = "Decorator", "Decorator\Decorator.csproj", "{715F5E5D-EFB2-402D-BEBB-84A72D3700D9}"
EndProject
Global
	GlobalSection(SolutionConfigurationPlatforms) = preSolution
		Debug|Any CPU = Debug|Any CPU
		Release|Any CPU = Release|Any CPU
	EndGlobalSection
	GlobalSection(ProjectConfigurationPlatforms) = postSolution
		{E22D88E0-6396-4B17-8012-5313ADDE983C}.Debug|Any CPU.ActiveCfg = Debug|Any CPU
		{E22D88E0-6396-4B17-8012-5313ADDE983C}.Debug|Any CPU.Build.0 = Debug|Any CPU
		{E22D88E0-6396-4B17-8012-5313ADDE983C}.Release|Any CPU.ActiveCfg = Release|Any CPU
		{E22D88E0-6396-4B17-8012-5313ADDE983C}.Release|Any CPU.Build.0 = Release|Any CPU
		{587B6931-A6DB-4F56-9C1F-789BE82F6F05}.Debug|Any CPU.ActiveCfg = Debug|Any CPU
		{587B6931-A6DB-4F56-9C1F-789BE82F6F05}.Debug|Any CPU.Build.0 = Debug|Any CPU
		{587B6931-A6DB-4F56-9C1F-789BE82F6F05}.Release|Any CPU.ActiveCfg = Release|Any CPU
		{587B6931-A6DB-4F56-9C1F-789BE82F6F05}.Release|Any CPU.Build.0 = Release|Any CPU
		{C08FF0C2-5697-4907-93C4-5685A4D903A2}.Debug|Any CPU.ActiveCfg = Debug|Any CPU
		{C08FF0C2-5697-4907-93C4-5685A4D903A2}.Debug|Any CPU.Build.0 = Debug|Any CPU
		{C08FF0C2-5697-4907-93C4-5685A4D903A2}.Release|Any CPU.ActiveCfg = Release|Any CPU
		{C08FF0C2-5697-4907-93C4-5685A4D903A2}.Release|Any CPU.Build.0 = Release|Any CPU
		{4449CB11-19CA-424B-B415-54A770A0AC17}.Debug|Any CPU.ActiveCfg = Debug|Any CPU
		{4449CB11-19CA-424B-B415-54A770A0AC17}.Debug|Any CPU.Build.0 = Debug|Any CPU
		{4449CB11-19CA-424B-B415-54A770A0AC17}.Release|Any CPU.ActiveCfg = Release|Any CPU
		{4449CB11-19CA-424B-B415-54A770A0AC17}.Release|Any CPU.Build.0 = Release|Any CPU
		{E4937F68-E34A-4D03-B2AA-25FA608578BB}.Debug|Any CPU.ActiveCfg = Debug|Any CPU
		{E4937F68-E34A-4D03-B2AA-25FA608578BB}.Debug|Any CPU.Build.0 = Debug|Any CPU
		{E4937F68-E34A-4D03-B2AA-25FA608578BB}.Release|Any CPU.ActiveCfg = Release|Any CPU
		{E4937F68-E34A-4D03-B2AA-25FA608578BB}.Release|Any CPU.Build.0 = Release|Any CPU
		{723CC31C-0A8B-427E-B8D4-8E832FA7D80F}.Debug|Any CPU.ActiveCfg = Debug|Any CPU
		{723CC31C-0A8B-427E-B8D4-8E832FA7D80F}.Debug|Any CPU.Build.0 = Debug|Any CPU
		{723CC31C-0A8B-427E-B8D4-8E832FA7D80F}.Release|Any CPU.ActiveCfg = Release|Any CPU
		{723CC31C-0A8B-427E-B8D4-8E832FA7D80F}.Release|Any CPU.Build.0 = Release|Any CPU
		{3DDF2018-AAE5-4AEB-83C8-5E44DC4DB3EE}.Debug|Any CPU.ActiveCfg = Debug|Any CPU
		{3DDF2018-AAE5-4AEB-83C8-5E44DC4DB3EE}.Debug|Any CPU.Build.0 = Debug|Any CPU
		{3DDF2018-AAE5-4AEB-83C8-5E44DC4DB3EE}.Release|Any CPU.ActiveCfg = Release|Any CPU
		{3DDF2018-AAE5-4AEB-83C8-5E44DC4DB3EE}.Release|Any CPU.Build.0 = Release|Any CPU
		{91C46CDB-A668-4702-8273-8E386C5BBBB2}.Debug|Any CPU.ActiveCfg = Debug|Any CPU
		{91C46CDB-A668-4702-8273-8E386C5BBBB2}.Debug|Any CPU.Build.0 = Debug|Any CPU
		{91C46CDB-A668-4702-8273-8E386C5BBBB2}.Release|Any CPU.ActiveCfg = Release|Any CPU
		{91C46CDB-A668-4702-8273-8E386C5BBBB2}.Release|Any CPU.Build.0 = Release|Any CPU
		{04A568D2-112B-40E5-ADDD-562738B8A8F9}.Debug|Any CPU.ActiveCfg = Debug|Any CPU
		{04A568D2-112B-40E5-ADDD-562738B8A8F9}.Debug|Any CPU.Build.0 = Debug|Any CPU
		{04A568D2-112B-40E5-ADDD-562738B8A8F9}.Release|Any CPU.ActiveCfg = Release|Any CPU
		{04A568D2-112B-40E5-ADDD-562738B8A8F9}.Release|Any CPU.Build.0 = Release|Any CPU
		{9081A944-A34F-4637-B403-6762DE9CC77A}.Debug|Any CPU.ActiveCfg = Debug|Any CPU
		{9081A944-A34F-4637-B403-6762DE9CC77A}.Debug|Any CPU.Build.0 = Debug|Any CPU
		{9081A944-A34F-4637-B403-6762DE9CC77A}.Release|Any CPU.ActiveCfg = Release|Any CPU
		{9081A944-A34F-4637-B403-6762DE9CC77A}.Release|Any CPU.Build.0 = Release|Any CPU
		{496C42B8-F68D-4674-80F0-1F0F7E2622EC}.Debug|Any CPU.ActiveCfg = Debug|Any CPU
		{496C42B8-F68D-4674-80F0-1F0F7E2622EC}.Debug|Any CPU.Build.0 = Debug|Any CPU
		{496C42B8-F68D-4674-80F0-1F0F7E2622EC}.Release|Any CPU.ActiveCfg = Release|Any CPU
		{496C42B8-F68D-4674-80F0-1F0F7E2622EC}.Release|Any CPU.Build.0 = Release|Any CPU
		{715F5E5D-EFB2-402D-BEBB-84A72D3700D9}.Debug|Any CPU.ActiveCfg = Debug|Any CPU
		{715F5E5D-EFB2-402D-BEBB-84A72D3700D9}.Debug|Any CPU.Build.0 = Debug|Any CPU
		{715F5E5D-EFB2-402D-BEBB-84A72D3700D9}.Release|Any CPU.ActiveCfg = Release|Any CPU
		{715F5E5D-EFB2-402D-BEBB-84A72D3700D9}.Release|Any CPU.Build.0 = Release|Any CPU
	EndGlobalSection
	GlobalSection(SolutionProperties) = preSolution
		HideSolutionNode = FALSE
	EndGlobalSection
	GlobalSection(ExtensibilityGlobals) = postSolution
		SolutionGuid = {C56EC9E2-B1C2-4CF3-AC14-E2BC7843767C}
	EndGlobalSection
EndGlobal
