
Microsoft Visual Studio Solution File, Format Version 12.00
# Visual Studio 15
VisualStudioVersion = 15.0.27428.2043
MinimumVisualStudioVersion = 10.0.40219.1
Project("{FAE04EC0-301F-11D3-BF4B-00C04F79EFBC}") = "Strategy", "Strategy\Strategy.csproj", "{E22D88E0-6396-4B17-8012-5313ADDE983C}"
EndProject
Project("{FAE04EC0-301F-11D3-BF4B-00C04F79EFBC}") = "Prototype", "Prototype\Prototype.csproj", "{587B6931-A6DB-4F56-9C1F-789BE82F6F05}"
EndProject
Project("{FAE04EC0-301F-11D3-BF4B-00C04F79EFBC}") = "Observer", "Observer\Observer.csproj", "{C08FF0C2-5697-4907-93C4-5685A4D903A2}"
EndProject
Project("{FAE04EC0-301F-11D3-BF4B-00C04F79EFBC}") = "Visitor", "VIsitor\Visitor.csproj", "{4449CB11-19CA-424B-B415-54A770A0AC17}"
EndProject
Project("{FAE04EC0-301F-11D3-BF4B-00C04F79EFBC}") = "Mediator", "Mediator\Mediator.csproj", "{E4937F68-E34A-4D03-B2AA-25FA608578BB}"
EndProject
Project("{FAE04EC0-301F-11D3-BF4B-00C04F79EFBC}") = "Proxy", "Proxy\Proxy.csproj", "{723CC31C-0A8B-427E-B8D4-8E832FA7D80F}"
EndProject
Project("{FAE04EC0-301F-11D3-BF4B-00C04F79EFBC}") = "Bridge", "Bridge\Bridge.csproj", "{3DDF2018-AAE5-4AEB-83C8-5E44DC4DB3EE}"
EndProject
Project("{FAE04EC0-301F-11D3-BF4B-00C04F79EFBC}") = "Composite", "Composite\Composite.csproj", "{91C46CDB-A668-4702-8273-8E386C5BBBB2}"
EndProject
Project("{FAE04EC0-301F-11D3-BF4B-00C04F79EFBC}") = "Singleton", "Singleton\Singleton.csproj", "{04A568D2-112B-40E5-ADDD-562738B8A8F9}"
EndProject
Project("{FAE04EC0-301F-11D3-BF4B-00C04F79EFBC}") = "FactoryMethod", "FactoryMethod\FactoryMethod.csproj", "{9081A944-A34F-4637-B403-6762DE9CC77A}"
EndProject
Project("{9A19103F-16F7-4668-BE54-9A1E7A4F7556}") = "Builder", "Builder\Builder.csproj", "{496C42B8-F68D-4674-80F0-1F0F7E2622EC}"
EndProject
Project("{FAE04EC0-301F-11D3-BF4B-00C04F79EFBC}") = "Decorator", "Decorator\Decorator.csproj", "{715F5E5D-EFB2-402D-BEBB-84A72D3700D9}"
EndProject
Project("{FAE04EC0-301F-11D3-BF4B-00C04F79EFBC}") = "Memento", "Memento\Memento.csproj", "{10E9553E-A414-4DAD-AFF0-27C8CF12E003}"
EndProject
Project("{FAE04EC0-301F-11D3-BF4B-00C04F79EFBC}") = "Adapter", "Adapter\Adapter.csproj", "{FF54A787-CBAB-4AFF-98A0-0D91586C8854}"
EndProject
Project("{FAE04EC0-301F-11D3-BF4B-00C04F79EFBC}") = "Facade", "Facade\Facade.csproj", "{9AE24A24-AA28-4C73-9F02-96E8C42A15A4}"
EndProject
Project("{FAE04EC0-301F-11D3-BF4B-00C04F79EFBC}") = "Iterator", "Iterator\Iterator.csproj", "{B5917D9F-5710-42DA-A45C-53A20204589E}"
EndProject
Project("{FAE04EC0-301F-11D3-BF4B-00C04F79EFBC}") = "Interpreter", "Interpreter\Interpreter.csproj", "{69097348-EFB2-4448-8FA1-94A23AA9A46D}"
EndProject
Project("{FAE04EC0-301F-11D3-BF4B-00C04F79EFBC}") = "Command", "Command\Command.csproj", "{DA61FDBD-32CE-46BB-86E1-3615334B97DE}"
EndProject
Project("{FAE04EC0-301F-11D3-BF4B-00C04F79EFBC}") = "State", "State\State.csproj", "{67276289-D0CD-4DDF-B564-C0CBFF02B773}"
EndProject
Project("{FAE04EC0-301F-11D3-BF4B-00C04F79EFBC}") = "TemplateMethod", "TemplateMethod\TemplateMethod.csproj", "{9B92CA6B-9B2A-4B6C-A340-D6698525D363}"
EndProject
Project("{FAE04EC0-301F-11D3-BF4B-00C04F79EFBC}") = "ChainOfResponsibility", "ChainOfResponsibility\ChainOfResponsibility.csproj", "{E0C9B7E6-4578-4B2D-A013-2763A063EF26}"
EndProject
Project("{FAE04EC0-301F-11D3-BF4B-00C04F79EFBC}") = "AbstractFactory", "AbstractFactory\AbstractFactory.csproj", "{3A7609F9-8B6A-4DBE-ABAB-04C99C04AF77}"
EndProject
Project("{FAE04EC0-301F-11D3-BF4B-00C04F79EFBC}") = "Flyweight", "Flyweight\Flyweight.csproj", "{4F273FA7-C0E6-43C3-9E54-856EA801D1FE}"
EndProject
Global
	GlobalSection(SolutionConfigurationPlatforms) = preSolution
		Debug|Any CPU = Debug|Any CPU
		Release|Any CPU = Release|Any CPU
	EndGlobalSection
	GlobalSection(ProjectConfigurationPlatforms) = postSolution
		{E22D88E0-6396-4B17-8012-5313ADDE983C}.Debug|Any CPU.ActiveCfg = Debug|Any CPU
		{E22D88E0-6396-4B17-8012-5313ADDE983C}.Debug|Any CPU.Build.0 = Debug|Any CPU
		{E22D88E0-6396-4B17-8012-5313ADDE983C}.Release|Any CPU.ActiveCfg = Release|Any CPU
		{E22D88E0-6396-4B17-8012-5313ADDE983C}.Release|Any CPU.Build.0 = Release|Any CPU
		{587B6931-A6DB-4F56-9C1F-789BE82F6F05}.Debug|Any CPU.ActiveCfg = Debug|Any CPU
		{587B6931-A6DB-4F56-9C1F-789BE82F6F05}.Debug|Any CPU.Build.0 = Debug|Any CPU
		{587B6931-A6DB-4F56-9C1F-789BE82F6F05}.Release|Any CPU.ActiveCfg = Release|Any CPU
		{587B6931-A6DB-4F56-9C1F-789BE82F6F05}.Release|Any CPU.Build.0 = Release|Any CPU
		{C08FF0C2-5697-4907-93C4-5685A4D903A2}.Debug|Any CPU.ActiveCfg = Debug|Any CPU
		{C08FF0C2-5697-4907-93C4-5685A4D903A2}.Debug|Any CPU.Build.0 = Debug|Any CPU
		{C08FF0C2-5697-4907-93C4-5685A4D903A2}.Release|Any CPU.ActiveCfg = Release|Any CPU
		{C08FF0C2-5697-4907-93C4-5685A4D903A2}.Release|Any CPU.Build.0 = Release|Any CPU
		{4449CB11-19CA-424B-B415-54A770A0AC17}.Debug|Any CPU.ActiveCfg = Debug|Any CPU
		{4449CB11-19CA-424B-B415-54A770A0AC17}.Debug|Any CPU.Build.0 = Debug|Any CPU
		{4449CB11-19CA-424B-B415-54A770A0AC17}.Release|Any CPU.ActiveCfg = Release|Any CPU
		{4449CB11-19CA-424B-B415-54A770A0AC17}.Release|Any CPU.Build.0 = Release|Any CPU
		{E4937F68-E34A-4D03-B2AA-25FA608578BB}.Debug|Any CPU.ActiveCfg = Debug|Any CPU
		{E4937F68-E34A-4D03-B2AA-25FA608578BB}.Debug|Any CPU.Build.0 = Debug|Any CPU
		{E4937F68-E34A-4D03-B2AA-25FA608578BB}.Release|Any CPU.ActiveCfg = Release|Any CPU
		{E4937F68-E34A-4D03-B2AA-25FA608578BB}.Release|Any CPU.Build.0 = Release|Any CPU
		{723CC31C-0A8B-427E-B8D4-8E832FA7D80F}.Debug|Any CPU.ActiveCfg = Debug|Any CPU
		{723CC31C-0A8B-427E-B8D4-8E832FA7D80F}.Debug|Any CPU.Build.0 = Debug|Any CPU
		{723CC31C-0A8B-427E-B8D4-8E832FA7D80F}.Release|Any CPU.ActiveCfg = Release|Any CPU
		{723CC31C-0A8B-427E-B8D4-8E832FA7D80F}.Release|Any CPU.Build.0 = Release|Any CPU
		{3DDF2018-AAE5-4AEB-83C8-5E44DC4DB3EE}.Debug|Any CPU.ActiveCfg = Debug|Any CPU
		{3DDF2018-AAE5-4AEB-83C8-5E44DC4DB3EE}.Debug|Any CPU.Build.0 = Debug|Any CPU
		{3DDF2018-AAE5-4AEB-83C8-5E44DC4DB3EE}.Release|Any CPU.ActiveCfg = Release|Any CPU
		{3DDF2018-AAE5-4AEB-83C8-5E44DC4DB3EE}.Release|Any CPU.Build.0 = Release|Any CPU
		{91C46CDB-A668-4702-8273-8E386C5BBBB2}.Debug|Any CPU.ActiveCfg = Debug|Any CPU
		{91C46CDB-A668-4702-8273-8E386C5BBBB2}.Debug|Any CPU.Build.0 = Debug|Any CPU
		{91C46CDB-A668-4702-8273-8E386C5BBBB2}.Release|Any CPU.ActiveCfg = Release|Any CPU
		{91C46CDB-A668-4702-8273-8E386C5BBBB2}.Release|Any CPU.Build.0 = Release|Any CPU
		{04A568D2-112B-40E5-ADDD-562738B8A8F9}.Debug|Any CPU.ActiveCfg = Debug|Any CPU
		{04A568D2-112B-40E5-ADDD-562738B8A8F9}.Debug|Any CPU.Build.0 = Debug|Any CPU
		{04A568D2-112B-40E5-ADDD-562738B8A8F9}.Release|Any CPU.ActiveCfg = Release|Any CPU
		{04A568D2-112B-40E5-ADDD-562738B8A8F9}.Release|Any CPU.Build.0 = Release|Any CPU
		{9081A944-A34F-4637-B403-6762DE9CC77A}.Debug|Any CPU.ActiveCfg = Debug|Any CPU
		{9081A944-A34F-4637-B403-6762DE9CC77A}.Debug|Any CPU.Build.0 = Debug|Any CPU
		{9081A944-A34F-4637-B403-6762DE9CC77A}.Release|Any CPU.ActiveCfg = Release|Any CPU
		{9081A944-A34F-4637-B403-6762DE9CC77A}.Release|Any CPU.Build.0 = Release|Any CPU
		{496C42B8-F68D-4674-80F0-1F0F7E2622EC}.Debug|Any CPU.ActiveCfg = Debug|Any CPU
		{496C42B8-F68D-4674-80F0-1F0F7E2622EC}.Debug|Any CPU.Build.0 = Debug|Any CPU
		{496C42B8-F68D-4674-80F0-1F0F7E2622EC}.Release|Any CPU.ActiveCfg = Release|Any CPU
		{496C42B8-F68D-4674-80F0-1F0F7E2622EC}.Release|Any CPU.Build.0 = Release|Any CPU
		{715F5E5D-EFB2-402D-BEBB-84A72D3700D9}.Debug|Any CPU.ActiveCfg = Debug|Any CPU
		{715F5E5D-EFB2-402D-BEBB-84A72D3700D9}.Debug|Any CPU.Build.0 = Debug|Any CPU
		{715F5E5D-EFB2-402D-BEBB-84A72D3700D9}.Release|Any CPU.ActiveCfg = Release|Any CPU
		{715F5E5D-EFB2-402D-BEBB-84A72D3700D9}.Release|Any CPU.Build.0 = Release|Any CPU
		{10E9553E-A414-4DAD-AFF0-27C8CF12E003}.Debug|Any CPU.ActiveCfg = Debug|Any CPU
		{10E9553E-A414-4DAD-AFF0-27C8CF12E003}.Debug|Any CPU.Build.0 = Debug|Any CPU
		{10E9553E-A414-4DAD-AFF0-27C8CF12E003}.Release|Any CPU.ActiveCfg = Release|Any CPU
		{10E9553E-A414-4DAD-AFF0-27C8CF12E003}.Release|Any CPU.Build.0 = Release|Any CPU
		{FF54A787-CBAB-4AFF-98A0-0D91586C8854}.Debug|Any CPU.ActiveCfg = Debug|Any CPU
		{FF54A787-CBAB-4AFF-98A0-0D91586C8854}.Debug|Any CPU.Build.0 = Debug|Any CPU
		{FF54A787-CBAB-4AFF-98A0-0D91586C8854}.Release|Any CPU.ActiveCfg = Release|Any CPU
		{FF54A787-CBAB-4AFF-98A0-0D91586C8854}.Release|Any CPU.Build.0 = Release|Any CPU
		{9AE24A24-AA28-4C73-9F02-96E8C42A15A4}.Debug|Any CPU.ActiveCfg = Debug|Any CPU
		{9AE24A24-AA28-4C73-9F02-96E8C42A15A4}.Debug|Any CPU.Build.0 = Debug|Any CPU
		{9AE24A24-AA28-4C73-9F02-96E8C42A15A4}.Release|Any CPU.ActiveCfg = Release|Any CPU
		{9AE24A24-AA28-4C73-9F02-96E8C42A15A4}.Release|Any CPU.Build.0 = Release|Any CPU
		{B5917D9F-5710-42DA-A45C-53A20204589E}.Debug|Any CPU.ActiveCfg = Debug|Any CPU
		{B5917D9F-5710-42DA-A45C-53A20204589E}.Debug|Any CPU.Build.0 = Debug|Any CPU
		{B5917D9F-5710-42DA-A45C-53A20204589E}.Release|Any CPU.ActiveCfg = Release|Any CPU
		{B5917D9F-5710-42DA-A45C-53A20204589E}.Release|Any CPU.Build.0 = Release|Any CPU
		{69097348-EFB2-4448-8FA1-94A23AA9A46D}.Debug|Any CPU.ActiveCfg = Debug|Any CPU
		{69097348-EFB2-4448-8FA1-94A23AA9A46D}.Debug|Any CPU.Build.0 = Debug|Any CPU
		{69097348-EFB2-4448-8FA1-94A23AA9A46D}.Release|Any CPU.ActiveCfg = Release|Any CPU
		{69097348-EFB2-4448-8FA1-94A23AA9A46D}.Release|Any CPU.Build.0 = Release|Any CPU
		{DA61FDBD-32CE-46BB-86E1-3615334B97DE}.Debug|Any CPU.ActiveCfg = Debug|Any CPU
		{DA61FDBD-32CE-46BB-86E1-3615334B97DE}.Debug|Any CPU.Build.0 = Debug|Any CPU
		{DA61FDBD-32CE-46BB-86E1-3615334B97DE}.Release|Any CPU.ActiveCfg = Release|Any CPU
		{DA61FDBD-32CE-46BB-86E1-3615334B97DE}.Release|Any CPU.Build.0 = Release|Any CPU
		{67276289-D0CD-4DDF-B564-C0CBFF02B773}.Debug|Any CPU.ActiveCfg = Debug|Any CPU
		{67276289-D0CD-4DDF-B564-C0CBFF02B773}.Debug|Any CPU.Build.0 = Debug|Any CPU
		{67276289-D0CD-4DDF-B564-C0CBFF02B773}.Release|Any CPU.ActiveCfg = Release|Any CPU
		{67276289-D0CD-4DDF-B564-C0CBFF02B773}.Release|Any CPU.Build.0 = Release|Any CPU
		{9B92CA6B-9B2A-4B6C-A340-D6698525D363}.Debug|Any CPU.ActiveCfg = Debug|Any CPU
		{9B92CA6B-9B2A-4B6C-A340-D6698525D363}.Debug|Any CPU.Build.0 = Debug|Any CPU
		{9B92CA6B-9B2A-4B6C-A340-D6698525D363}.Release|Any CPU.ActiveCfg = Release|Any CPU
		{9B92CA6B-9B2A-4B6C-A340-D6698525D363}.Release|Any CPU.Build.0 = Release|Any CPU
		{E0C9B7E6-4578-4B2D-A013-2763A063EF26}.Debug|Any CPU.ActiveCfg = Debug|Any CPU
		{E0C9B7E6-4578-4B2D-A013-2763A063EF26}.Debug|Any CPU.Build.0 = Debug|Any CPU
		{E0C9B7E6-4578-4B2D-A013-2763A063EF26}.Release|Any CPU.ActiveCfg = Release|Any CPU
		{E0C9B7E6-4578-4B2D-A013-2763A063EF26}.Release|Any CPU.Build.0 = Release|Any CPU
		{3A7609F9-8B6A-4DBE-ABAB-04C99C04AF77}.Debug|Any CPU.ActiveCfg = Debug|Any CPU
		{3A7609F9-8B6A-4DBE-ABAB-04C99C04AF77}.Debug|Any CPU.Build.0 = Debug|Any CPU
		{3A7609F9-8B6A-4DBE-ABAB-04C99C04AF77}.Release|Any CPU.ActiveCfg = Release|Any CPU
		{3A7609F9-8B6A-4DBE-ABAB-04C99C04AF77}.Release|Any CPU.Build.0 = Release|Any CPU
		{4F273FA7-C0E6-43C3-9E54-856EA801D1FE}.Debug|Any CPU.ActiveCfg = Debug|Any CPU
		{4F273FA7-C0E6-43C3-9E54-856EA801D1FE}.Debug|Any CPU.Build.0 = Debug|Any CPU
		{4F273FA7-C0E6-43C3-9E54-856EA801D1FE}.Release|Any CPU.ActiveCfg = Release|Any CPU
		{4F273FA7-C0E6-43C3-9E54-856EA801D1FE}.Release|Any CPU.Build.0 = Release|Any CPU
	EndGlobalSection
	GlobalSection(SolutionProperties) = preSolution
		HideSolutionNode = FALSE
	EndGlobalSection
	GlobalSection(ExtensibilityGlobals) = postSolution
		SolutionGuid = {C56EC9E2-B1C2-4CF3-AC14-E2BC7843767C}
	EndGlobalSection
EndGlobal
